<Solution>
  <Folder Name="/benchmarks/">
    <Project Path="benchmarks/ResourceExpansion.Benchmarks/ResourceExpansion.Benchmarks.csproj" />
  </Folder>
  <Folder Name="/src/">
    <Project Path="src/ResourceExpansion.Api/ResourceExpansion.Api.csproj" />
  </Folder>
  <Folder Name="/tests/">
    <Project Path="tests/ResourceExpansion.Tests/ResourceExpansion.Tests.csproj" />
  </Folder>
</Solution>
